{
  "requires": true,
  "lockfileVersion": 1,
  "dependencies": {
    "@types/node": {
      "version": "13.11.1",
      "resolved": "https://registry.npmjs.org/@types/node/-/node-13.11.1.tgz",
      "integrity": "sha512-eWQGP3qtxwL8FGneRrC5DwrJLGN4/dH1clNTuLfN81HCrxVtxRjygDTUoZJ5ASlDEeo0ppYFQjQIlXhtXpOn6g=="
    },
    "big-integer": {
      "version": "1.6.48",
      "resolved": "https://registry.npmjs.org/big-integer/-/big-integer-1.6.48.tgz",
      "integrity": "sha512-j51egjPa7/i+RdiRuJbPdJ2FIUYYPhvYLjzoYbcMMm62ooO6F94fETG4MTs46zPAF9Brs04OajboA/qTGuz78w=="
    },
    "bigint-crypto-utils": {
      "version": "3.0.1",
      "resolved": "https://registry.npmjs.org/bigint-crypto-utils/-/bigint-crypto-utils-3.0.1.tgz",
      "integrity": "sha512-GR1KIj5CeNc7GliH7GymIodS7+DdaQl2+/9+YlGsWiMsjB5cNNCaCMhi/nKbIXOnokti5OGDa7HtaHWKEknSBw==",
      "requires": {
        "@types/node": ">=10"
      }
    },
    "paillier-bigint": {
      "version": "3.0.4",
      "resolved": "https://registry.npmjs.org/paillier-bigint/-/paillier-bigint-3.0.4.tgz",
      "integrity": "sha512-N3c/5+0UT/AFFtURRhvpRTL+HZsGkpY+f56Bpb8g0XefMFQTB5Uep3bu2V27GzCjKYsUkCWT3yaNu88kISMxFA==",
      "requires": {
        "bigint-crypto-utils": "^3.0.0"
      }
    },
    "paillier-js": {
      "version": "0.9.3",
      "resolved": "https://registry.npmjs.org/paillier-js/-/paillier-js-0.9.3.tgz",
      "integrity": "sha512-cSiA1ji/SriNQVinIOIKUjsMJ2RFfYshi+RqoRMn0mo9YQIYCVambqnvQ4hzCte4cvqogQEJMHlTrsvNn3gDfw==",
      "requires": {
        "big-integer": "^1.6.48"
      }
    }
  }
}
